
Microsoft Visual Studio Solution File, Format Version 12.00
# Visual Studio Version 17
VisualStudioVersion = 17.9.34701.34
MinimumVisualStudioVersion = 10.0.40219.1
Project("{FAE04EC0-301F-11D3-BF4B-00C04F79EFBC}") = "desafioEmpenho", "desafioEmpenho.csproj", "{3A699E23-65F3-4A35-B95E-3710CF3E527E}"
EndProject
Global
	GlobalSection(SolutionConfigurationPlatforms) = preSolution
		Debug|Any CPU = Debug|Any CPU
		Release|Any CPU = Release|Any CPU
	EndGlobalSection
	GlobalSection(ProjectConfigurationPlatforms) = postSolution
		{3A699E23-65F3-4A35-B95E-3710CF3E527E}.Debug|Any CPU.ActiveCfg = Debug|Any CPU
		{3A699E23-65F3-4A35-B95E-3710CF3E527E}.Debug|Any CPU.Build.0 = Debug|Any CPU
		{3A699E23-65F3-4A35-B95E-3710CF3E527E}.Release|Any CPU.ActiveCfg = Release|Any CPU
		{3A699E23-65F3-4A35-B95E-3710CF3E527E}.Release|Any CPU.Build.0 = Release|Any CPU
	EndGlobalSection
	GlobalSection(SolutionProperties) = preSolution
		HideSolutionNode = FALSE
	EndGlobalSection
	GlobalSection(ExtensibilityGlobals) = postSolution
		SolutionGuid = {9563DE17-A1E3-4180-9E5E-86DA435341F7}
	EndGlobalSection
EndGlobal
